
Microsoft Visual Studio Solution File, Format Version 12.00
# Visual Studio Version 17
VisualStudioVersion = 17.4.33213.308
MinimumVisualStudioVersion = 10.0.40219.1
Project("{FAE04EC0-301F-11D3-BF4B-00C04F79EFBC}") = "Localization.Android", "Localization.Android\Localization.Android.csproj", "{057BEC79-BDCA-4AF4-B20A-AE8FFF1BFDC7}"
EndProject
Project("{FAE04EC0-301F-11D3-BF4B-00C04F79EFBC}") = "Localization.iOS", "Localization.iOS\Localization.iOS.csproj", "{59B050D8-9AFE-4A5C-90B4-EF4409BF8F92}"
EndProject
Project("{9A19103F-16F7-4668-BE54-9A1E7A4F7556}") = "Localization", "Localization\Localization.csproj", "{441926E6-EC3E-440F-B873-0A9A9D0AF6F3}"
EndProject
Project("{FAE04EC0-301F-11D3-BF4B-00C04F79EFBC}") = "Localization.WPF", "WpfApp1\Localization.WPF.csproj", "{CA208A43-C039-4E4A-87F0-00B30C9B7583}"
EndProject
Global
	GlobalSection(SolutionConfigurationPlatforms) = preSolution
		Debug|Any CPU = Debug|Any CPU
		Debug|ARM = Debug|ARM
		Debug|iPhone = Debug|iPhone
		Debug|iPhoneSimulator = Debug|iPhoneSimulator
		Debug|x64 = Debug|x64
		Debug|x86 = Debug|x86
		Release|Any CPU = Release|Any CPU
		Release|ARM = Release|ARM
		Release|iPhone = Release|iPhone
		Release|iPhoneSimulator = Release|iPhoneSimulator
		Release|x64 = Release|x64
		Release|x86 = Release|x86
	EndGlobalSection
	GlobalSection(ProjectConfigurationPlatforms) = postSolution
		{057BEC79-BDCA-4AF4-B20A-AE8FFF1BFDC7}.Debug|Any CPU.ActiveCfg = Debug|Any CPU
		{057BEC79-BDCA-4AF4-B20A-AE8FFF1BFDC7}.Debug|Any CPU.Build.0 = Debug|Any CPU
		{057BEC79-BDCA-4AF4-B20A-AE8FFF1BFDC7}.Debug|Any CPU.Deploy.0 = Debug|Any CPU
		{057BEC79-BDCA-4AF4-B20A-AE8FFF1BFDC7}.Debug|ARM.ActiveCfg = Debug|Any CPU
		{057BEC79-BDCA-4AF4-B20A-AE8FFF1BFDC7}.Debug|ARM.Build.0 = Debug|Any CPU
		{057BEC79-BDCA-4AF4-B20A-AE8FFF1BFDC7}.Debug|ARM.Deploy.0 = Debug|Any CPU
		{057BEC79-BDCA-4AF4-B20A-AE8FFF1BFDC7}.Debug|iPhone.ActiveCfg = Debug|Any CPU
		{057BEC79-BDCA-4AF4-B20A-AE8FFF1BFDC7}.Debug|iPhone.Build.0 = Debug|Any CPU
		{057BEC79-BDCA-4AF4-B20A-AE8FFF1BFDC7}.Debug|iPhone.Deploy.0 = Debug|Any CPU
		{057BEC79-BDCA-4AF4-B20A-AE8FFF1BFDC7}.Debug|iPhoneSimulator.ActiveCfg = Debug|Any CPU
		{057BEC79-BDCA-4AF4-B20A-AE8FFF1BFDC7}.Debug|iPhoneSimulator.Build.0 = Debug|Any CPU
		{057BEC79-BDCA-4AF4-B20A-AE8FFF1BFDC7}.Debug|iPhoneSimulator.Deploy.0 = Debug|Any CPU
		{057BEC79-BDCA-4AF4-B20A-AE8FFF1BFDC7}.Debug|x64.ActiveCfg = Debug|Any CPU
		{057BEC79-BDCA-4AF4-B20A-AE8FFF1BFDC7}.Debug|x64.Build.0 = Debug|Any CPU
		{057BEC79-BDCA-4AF4-B20A-AE8FFF1BFDC7}.Debug|x64.Deploy.0 = Debug|Any CPU
		{057BEC79-BDCA-4AF4-B20A-AE8FFF1BFDC7}.Debug|x86.ActiveCfg = Debug|Any CPU
		{057BEC79-BDCA-4AF4-B20A-AE8FFF1BFDC7}.Debug|x86.Build.0 = Debug|Any CPU
		{057BEC79-BDCA-4AF4-B20A-AE8FFF1BFDC7}.Debug|x86.Deploy.0 = Debug|Any CPU
		{057BEC79-BDCA-4AF4-B20A-AE8FFF1BFDC7}.Release|Any CPU.ActiveCfg = Release|Any CPU
		{057BEC79-BDCA-4AF4-B20A-AE8FFF1BFDC7}.Release|Any CPU.Build.0 = Release|Any CPU
		{057BEC79-BDCA-4AF4-B20A-AE8FFF1BFDC7}.Release|Any CPU.Deploy.0 = Release|Any CPU
		{057BEC79-BDCA-4AF4-B20A-AE8FFF1BFDC7}.Release|ARM.ActiveCfg = Release|Any CPU
		{057BEC79-BDCA-4AF4-B20A-AE8FFF1BFDC7}.Release|ARM.Build.0 = Release|Any CPU
		{057BEC79-BDCA-4AF4-B20A-AE8FFF1BFDC7}.Release|ARM.Deploy.0 = Release|Any CPU
		{057BEC79-BDCA-4AF4-B20A-AE8FFF1BFDC7}.Release|iPhone.ActiveCfg = Release|Any CPU
		{057BEC79-BDCA-4AF4-B20A-AE8FFF1BFDC7}.Release|iPhone.Build.0 = Release|Any CPU
		{057BEC79-BDCA-4AF4-B20A-AE8FFF1BFDC7}.Release|iPhone.Deploy.0 = Release|Any CPU
		{057BEC79-BDCA-4AF4-B20A-AE8FFF1BFDC7}.Release|iPhoneSimulator.ActiveCfg = Release|Any CPU
		{057BEC79-BDCA-4AF4-B20A-AE8FFF1BFDC7}.Release|iPhoneSimulator.Build.0 = Release|Any CPU
		{057BEC79-BDCA-4AF4-B20A-AE8FFF1BFDC7}.Release|iPhoneSimulator.Deploy.0 = Release|Any CPU
		{057BEC79-BDCA-4AF4-B20A-AE8FFF1BFDC7}.Release|x64.ActiveCfg = Release|Any CPU
		{057BEC79-BDCA-4AF4-B20A-AE8FFF1BFDC7}.Release|x64.Build.0 = Release|Any CPU
		{057BEC79-BDCA-4AF4-B20A-AE8FFF1BFDC7}.Release|x64.Deploy.0 = Release|Any CPU
		{057BEC79-BDCA-4AF4-B20A-AE8FFF1BFDC7}.Release|x86.ActiveCfg = Release|Any CPU
		{057BEC79-BDCA-4AF4-B20A-AE8FFF1BFDC7}.Release|x86.Build.0 = Release|Any CPU
		{057BEC79-BDCA-4AF4-B20A-AE8FFF1BFDC7}.Release|x86.Deploy.0 = Release|Any CPU
		{59B050D8-9AFE-4A5C-90B4-EF4409BF8F92}.Debug|Any CPU.ActiveCfg = Debug|iPhoneSimulator
		{59B050D8-9AFE-4A5C-90B4-EF4409BF8F92}.Debug|Any CPU.Build.0 = Debug|iPhoneSimulator
		{59B050D8-9AFE-4A5C-90B4-EF4409BF8F92}.Debug|Any CPU.Deploy.0 = Debug|iPhoneSimulator
		{59B050D8-9AFE-4A5C-90B4-EF4409BF8F92}.Debug|ARM.ActiveCfg = Debug|iPhoneSimulator
		{59B050D8-9AFE-4A5C-90B4-EF4409BF8F92}.Debug|ARM.Build.0 = Debug|iPhoneSimulator
		{59B050D8-9AFE-4A5C-90B4-EF4409BF8F92}.Debug|ARM.Deploy.0 = Debug|iPhoneSimulator
		{59B050D8-9AFE-4A5C-90B4-EF4409BF8F92}.Debug|iPhone.ActiveCfg = Debug|iPhone
		{59B050D8-9AFE-4A5C-90B4-EF4409BF8F92}.Debug|iPhone.Build.0 = Debug|iPhone
		{59B050D8-9AFE-4A5C-90B4-EF4409BF8F92}.Debug|iPhone.Deploy.0 = Debug|iPhone
		{59B050D8-9AFE-4A5C-90B4-EF4409BF8F92}.Debug|iPhoneSimulator.ActiveCfg = Debug|iPhoneSimulator
		{59B050D8-9AFE-4A5C-90B4-EF4409BF8F92}.Debug|iPhoneSimulator.Build.0 = Debug|iPhoneSimulator
		{59B050D8-9AFE-4A5C-90B4-EF4409BF8F92}.Debug|iPhoneSimulator.Deploy.0 = Debug|iPhoneSimulator
		{59B050D8-9AFE-4A5C-90B4-EF4409BF8F92}.Debug|x64.ActiveCfg = Debug|iPhone
		{59B050D8-9AFE-4A5C-90B4-EF4409BF8F92}.Debug|x64.Build.0 = Debug|iPhone
		{59B050D8-9AFE-4A5C-90B4-EF4409BF8F92}.Debug|x64.Deploy.0 = Debug|iPhone
		{59B050D8-9AFE-4A5C-90B4-EF4409BF8F92}.Debug|x86.ActiveCfg = Debug|iPhoneSimulator
		{59B050D8-9AFE-4A5C-90B4-EF4409BF8F92}.Debug|x86.Build.0 = Debug|iPhoneSimulator
		{59B050D8-9AFE-4A5C-90B4-EF4409BF8F92}.Debug|x86.Deploy.0 = Debug|iPhoneSimulator
		{59B050D8-9AFE-4A5C-90B4-EF4409BF8F92}.Release|Any CPU.ActiveCfg = Release|iPhoneSimulator
		{59B050D8-9AFE-4A5C-90B4-EF4409BF8F92}.Release|Any CPU.Build.0 = Release|iPhoneSimulator
		{59B050D8-9AFE-4A5C-90B4-EF4409BF8F92}.Release|Any CPU.Deploy.0 = Release|iPhoneSimulator
		{59B050D8-9AFE-4A5C-90B4-EF4409BF8F92}.Release|ARM.ActiveCfg = Release|iPhoneSimulator
		{59B050D8-9AFE-4A5C-90B4-EF4409BF8F92}.Release|ARM.Build.0 = Release|iPhoneSimulator
		{59B050D8-9AFE-4A5C-90B4-EF4409BF8F92}.Release|ARM.Deploy.0 = Release|iPhoneSimulator
		{59B050D8-9AFE-4A5C-90B4-EF4409BF8F92}.Release|iPhone.ActiveCfg = Release|iPhone
		{59B050D8-9AFE-4A5C-90B4-EF4409BF8F92}.Release|iPhone.Build.0 = Release|iPhone
		{59B050D8-9AFE-4A5C-90B4-EF4409BF8F92}.Release|iPhone.Deploy.0 = Release|iPhone
		{59B050D8-9AFE-4A5C-90B4-EF4409BF8F92}.Release|iPhoneSimulator.ActiveCfg = Release|iPhoneSimulator
		{59B050D8-9AFE-4A5C-90B4-EF4409BF8F92}.Release|iPhoneSimulator.Build.0 = Release|iPhoneSimulator
		{59B050D8-9AFE-4A5C-90B4-EF4409BF8F92}.Release|iPhoneSimulator.Deploy.0 = Release|iPhoneSimulator
		{59B050D8-9AFE-4A5C-90B4-EF4409BF8F92}.Release|x64.ActiveCfg = Release|iPhoneSimulator
		{59B050D8-9AFE-4A5C-90B4-EF4409BF8F92}.Release|x64.Build.0 = Release|iPhoneSimulator
		{59B050D8-9AFE-4A5C-90B4-EF4409BF8F92}.Release|x64.Deploy.0 = Release|iPhoneSimulator
		{59B050D8-9AFE-4A5C-90B4-EF4409BF8F92}.Release|x86.ActiveCfg = Release|iPhoneSimulator
		{59B050D8-9AFE-4A5C-90B4-EF4409BF8F92}.Release|x86.Build.0 = Release|iPhoneSimulator
		{59B050D8-9AFE-4A5C-90B4-EF4409BF8F92}.Release|x86.Deploy.0 = Release|iPhoneSimulator
		{441926E6-EC3E-440F-B873-0A9A9D0AF6F3}.Debug|Any CPU.ActiveCfg = Debug|Any CPU
		{441926E6-EC3E-440F-B873-0A9A9D0AF6F3}.Debug|Any CPU.Build.0 = Debug|Any CPU
		{441926E6-EC3E-440F-B873-0A9A9D0AF6F3}.Debug|Any CPU.Deploy.0 = Debug|Any CPU
		{441926E6-EC3E-440F-B873-0A9A9D0AF6F3}.Debug|ARM.ActiveCfg = Debug|Any CPU
		{441926E6-EC3E-440F-B873-0A9A9D0AF6F3}.Debug|ARM.Build.0 = Debug|Any CPU
		{441926E6-EC3E-440F-B873-0A9A9D0AF6F3}.Debug|ARM.Deploy.0 = Debug|Any CPU
		{441926E6-EC3E-440F-B873-0A9A9D0AF6F3}.Debug|iPhone.ActiveCfg = Debug|Any CPU
		{441926E6-EC3E-440F-B873-0A9A9D0AF6F3}.Debug|iPhone.Build.0 = Debug|Any CPU
		{441926E6-EC3E-440F-B873-0A9A9D0AF6F3}.Debug|iPhone.Deploy.0 = Debug|Any CPU
		{441926E6-EC3E-440F-B873-0A9A9D0AF6F3}.Debug|iPhoneSimulator.ActiveCfg = Debug|Any CPU
		{441926E6-EC3E-440F-B873-0A9A9D0AF6F3}.Debug|iPhoneSimulator.Build.0 = Debug|Any CPU
		{441926E6-EC3E-440F-B873-0A9A9D0AF6F3}.Debug|iPhoneSimulator.Deploy.0 = Debug|Any CPU
		{441926E6-EC3E-440F-B873-0A9A9D0AF6F3}.Debug|x64.ActiveCfg = Debug|Any CPU
		{441926E6-EC3E-440F-B873-0A9A9D0AF6F3}.Debug|x64.Build.0 = Debug|Any CPU
		{441926E6-EC3E-440F-B873-0A9A9D0AF6F3}.Debug|x64.Deploy.0 = Debug|Any CPU
		{441926E6-EC3E-440F-B873-0A9A9D0AF6F3}.Debug|x86.ActiveCfg = Debug|Any CPU
		{441926E6-EC3E-440F-B873-0A9A9D0AF6F3}.Debug|x86.Build.0 = Debug|Any CPU
		{441926E6-EC3E-440F-B873-0A9A9D0AF6F3}.Debug|x86.Deploy.0 = Debug|Any CPU
		{441926E6-EC3E-440F-B873-0A9A9D0AF6F3}.Release|Any CPU.ActiveCfg = Release|Any CPU
		{441926E6-EC3E-440F-B873-0A9A9D0AF6F3}.Release|Any CPU.Build.0 = Release|Any CPU
		{441926E6-EC3E-440F-B873-0A9A9D0AF6F3}.Release|Any CPU.Deploy.0 = Release|Any CPU
		{441926E6-EC3E-440F-B873-0A9A9D0AF6F3}.Release|ARM.ActiveCfg = Release|Any CPU
		{441926E6-EC3E-440F-B873-0A9A9D0AF6F3}.Release|ARM.Build.0 = Release|Any CPU
		{441926E6-EC3E-440F-B873-0A9A9D0AF6F3}.Release|ARM.Deploy.0 = Release|Any CPU
		{441926E6-EC3E-440F-B873-0A9A9D0AF6F3}.Release|iPhone.ActiveCfg = Release|Any CPU
		{441926E6-EC3E-440F-B873-0A9A9D0AF6F3}.Release|iPhone.Build.0 = Release|Any CPU
		{441926E6-EC3E-440F-B873-0A9A9D0AF6F3}.Release|iPhone.Deploy.0 = Release|Any CPU
		{441926E6-EC3E-440F-B873-0A9A9D0AF6F3}.Release|iPhoneSimulator.ActiveCfg = Release|Any CPU
		{441926E6-EC3E-440F-B873-0A9A9D0AF6F3}.Release|iPhoneSimulator.Build.0 = Release|Any CPU
		{441926E6-EC3E-440F-B873-0A9A9D0AF6F3}.Release|iPhoneSimulator.Deploy.0 = Release|Any CPU
		{441926E6-EC3E-440F-B873-0A9A9D0AF6F3}.Release|x64.ActiveCfg = Release|Any CPU
		{441926E6-EC3E-440F-B873-0A9A9D0AF6F3}.Release|x64.Build.0 = Release|Any CPU
		{441926E6-EC3E-440F-B873-0A9A9D0AF6F3}.Release|x64.Deploy.0 = Release|Any CPU
		{441926E6-EC3E-440F-B873-0A9A9D0AF6F3}.Release|x86.ActiveCfg = Release|Any CPU
		{441926E6-EC3E-440F-B873-0A9A9D0AF6F3}.Release|x86.Build.0 = Release|Any CPU
		{441926E6-EC3E-440F-B873-0A9A9D0AF6F3}.Release|x86.Deploy.0 = Release|Any CPU
		{CA208A43-C039-4E4A-87F0-00B30C9B7583}.Debug|Any CPU.ActiveCfg = Debug|Any CPU
		{CA208A43-C039-4E4A-87F0-00B30C9B7583}.Debug|Any CPU.Build.0 = Debug|Any CPU
		{CA208A43-C039-4E4A-87F0-00B30C9B7583}.Debug|ARM.ActiveCfg = Debug|Any CPU
		{CA208A43-C039-4E4A-87F0-00B30C9B7583}.Debug|ARM.Build.0 = Debug|Any CPU
		{CA208A43-C039-4E4A-87F0-00B30C9B7583}.Debug|iPhone.ActiveCfg = Debug|Any CPU
		{CA208A43-C039-4E4A-87F0-00B30C9B7583}.Debug|iPhone.Build.0 = Debug|Any CPU
		{CA208A43-C039-4E4A-87F0-00B30C9B7583}.Debug|iPhoneSimulator.ActiveCfg = Debug|Any CPU
		{CA208A43-C039-4E4A-87F0-00B30C9B7583}.Debug|iPhoneSimulator.Build.0 = Debug|Any CPU
		{CA208A43-C039-4E4A-87F0-00B30C9B7583}.Debug|x64.ActiveCfg = Debug|Any CPU
		{CA208A43-C039-4E4A-87F0-00B30C9B7583}.Debug|x64.Build.0 = Debug|Any CPU
		{CA208A43-C039-4E4A-87F0-00B30C9B7583}.Debug|x86.ActiveCfg = Debug|Any CPU
		{CA208A43-C039-4E4A-87F0-00B30C9B7583}.Debug|x86.Build.0 = Debug|Any CPU
		{CA208A43-C039-4E4A-87F0-00B30C9B7583}.Release|Any CPU.ActiveCfg = Release|Any CPU
		{CA208A43-C039-4E4A-87F0-00B30C9B7583}.Release|Any CPU.Build.0 = Release|Any CPU
		{CA208A43-C039-4E4A-87F0-00B30C9B7583}.Release|ARM.ActiveCfg = Release|Any CPU
		{CA208A43-C039-4E4A-87F0-00B30C9B7583}.Release|ARM.Build.0 = Release|Any CPU
		{CA208A43-C039-4E4A-87F0-00B30C9B7583}.Release|iPhone.ActiveCfg = Release|Any CPU
		{CA208A43-C039-4E4A-87F0-00B30C9B7583}.Release|iPhone.Build.0 = Release|Any CPU
		{CA208A43-C039-4E4A-87F0-00B30C9B7583}.Release|iPhoneSimulator.ActiveCfg = Release|Any CPU
		{CA208A43-C039-4E4A-87F0-00B30C9B7583}.Release|iPhoneSimulator.Build.0 = Release|Any CPU
		{CA208A43-C039-4E4A-87F0-00B30C9B7583}.Release|x64.ActiveCfg = Release|Any CPU
		{CA208A43-C039-4E4A-87F0-00B30C9B7583}.Release|x64.Build.0 = Release|Any CPU
		{CA208A43-C039-4E4A-87F0-00B30C9B7583}.Release|x86.ActiveCfg = Release|Any CPU
		{CA208A43-C039-4E4A-87F0-00B30C9B7583}.Release|x86.Build.0 = Release|Any CPU
	EndGlobalSection
	GlobalSection(SolutionProperties) = preSolution
		HideSolutionNode = FALSE
	EndGlobalSection
	GlobalSection(ExtensibilityGlobals) = postSolution
		SolutionGuid = {5DE50956-BF54-4809-818C-DCC5A97CF72C}
	EndGlobalSection
EndGlobal
